{
  "name": "webook",
  "version": "1.0.0",
  "lockfileVersion": 1,
  "requires": true,
  "dependencies": {
    "@babel/parser": {
      "version": "7.22.16",
      "resolved": "https://registry.npmjs.org/@babel/parser/-/parser-7.22.16.tgz",
      "integrity": "sha512-+gPfKv8UWeKKeJTUxe59+OobVcrYHETCsORl61EmSkmgymguYk/X5bp7GuUIXaFsc6y++v8ZxPsLSSuujqDphA=="
    },
    "@babel/runtime": {
      "version": "7.22.15",
      "resolved": "https://registry.npmjs.org/@babel/runtime/-/runtime-7.22.15.tgz",
      "integrity": "sha512-T0O+aa+4w0u06iNmapipJXMV4HoUir03hpx3/YqXXhu9xim3w+dVphjFWl1OH8NbZHw5Lbm9k45drDkgq2VNNA==",
      "requires": {
        "regenerator-runtime": "^0.14.0"
      }
    },
    "@fonticonpicker/fonticonpicker": {
      "version": "3.1.1",
      "resolved": "https://registry.npmjs.org/@fonticonpicker/fonticonpicker/-/fonticonpicker-3.1.1.tgz",
      "integrity": "sha512-UJiBjng4UpOlUC6R5RQY7BWxO1zd2wf9D2yF8XNzI0n8PqbovEoIbfa2BnTtQaxELikp3rH7giwxTbD04lDWhQ=="
    },
    "@fullcalendar/common": {
      "version": "5.10.1",
      "resolved": "https://registry.npmjs.org/@fullcalendar/common/-/common-5.10.1.tgz",
      "integrity": "sha512-EumKIJcQTvQdTs75/9dmeREFgjcRVWzqHJS1Xvlz5mNsmB+w9EINCHETRjChtAQg1WD/lTQyVj4sHsKO7vCMSw==",
      "requires": {
        "tslib": "^2.1.0"
      }
    },
    "@fullcalendar/core": {
      "version": "5.10.1",
      "resolved": "https://registry.npmjs.org/@fullcalendar/core/-/core-5.10.1.tgz",
      "integrity": "sha512-8sVuC6ywXV+cxqsqTZaR1hgUqeyjVed20NyZ7lGW9AY0kma1GIEwLgqPS5Q6uVhHyin68lmgecKfJCwhxENE8w==",
      "requires": {
        "@fullcalendar/common": "~5.10.1",
        "preact": "^10.0.5",
        "tslib": "^2.1.0"
      }
    },
    "@fullcalendar/premium-common": {
      "version": "5.10.1",
      "resolved": "https://registry.npmjs.org/@fullcalendar/premium-common/-/premium-common-5.10.1.tgz",
      "integrity": "sha512-yOZgtVI/7tt1oeQABLQqTNLEv2YpxbE0ywvQ+VwtrKc5LksmUA2czO4peom1KIAwH6JsZnytpvwQ4k4cP8Ivaw==",
      "requires": {
        "@fullcalendar/common": "~5.10.1",
        "tslib": "^2.1.0"
      }
    },
    "@fullcalendar/resource-common": {
      "version": "5.10.1",
      "resolved": "https://registry.npmjs.org/@fullcalendar/resource-common/-/resource-common-5.10.1.tgz",
      "integrity": "sha512-20JR8cucAeJEXSbWVSj9USwsPGKb3dVQr8CBiXuHPbD0OLK93j7jhKjBlp/pRldtcJW9mIXC8ENQvw/aNZJ9Cw==",
      "requires": {
        "@fullcalendar/common": "~5.10.1",
        "@fullcalendar/premium-common": "~5.10.1",
        "tslib": "^2.1.0"
      }
    },
    "@fullcalendar/resource-timeline": {
      "version": "5.10.1",
      "resolved": "https://registry.npmjs.org/@fullcalendar/resource-timeline/-/resource-timeline-5.10.1.tgz",
      "integrity": "sha512-gsqjr6Z+LQcNbQlHgaTtg/kF8l6yDRtIuMQbhFlTy71RJI//x2mHhLXgV40FJeEE+srp48xJPd89+rIhlyJ5Tw==",
      "requires": {
        "@fullcalendar/common": "~5.10.1",
        "@fullcalendar/premium-common": "~5.10.1",
        "@fullcalendar/resource-common": "~5.10.1",
        "@fullcalendar/scrollgrid": "~5.10.1",
        "@fullcalendar/timeline": "~5.10.1",
        "tslib": "^2.1.0"
      }
    },
    "@fullcalendar/scrollgrid": {
      "version": "5.10.1",
      "resolved": "https://registry.npmjs.org/@fullcalendar/scrollgrid/-/scrollgrid-5.10.1.tgz",
      "integrity": "sha512-Hj6gzj2/sUUnozIMC0GBK60/ZTeDchp/Gc2S4F+05W6V4BoUXbIwav+EdAerfNFOv7EXWa9vM9Lq3A53iVWFVg==",
      "requires": {
        "@fullcalendar/common": "~5.10.1",
        "@fullcalendar/premium-common": "~5.10.1",
        "tslib": "^2.1.0"
      }
    },
    "@fullcalendar/timeline": {
      "version": "5.10.1",
      "resolved": "https://registry.npmjs.org/@fullcalendar/timeline/-/timeline-5.10.1.tgz",
      "integrity": "sha512-pFMhK4nsCvpsA63GPJQtT1RSS2OLlT9a2+fvsf2oQregBLcottJSlCjIsIuKP7hpQLimaSdLr2kNjh5hs8jKlw==",
      "requires": {
        "@fullcalendar/common": "~5.10.1",
        "@fullcalendar/premium-common": "~5.10.1",
        "@fullcalendar/scrollgrid": "~5.10.1",
        "tslib": "^2.1.0"
      }
    },
    "@jridgewell/sourcemap-codec": {
      "version": "1.4.15",
      "resolved": "https://registry.npmjs.org/@jridgewell/sourcemap-codec/-/sourcemap-codec-1.4.15.tgz",
      "integrity": "sha512-eF2rxCRulEKXHTRiDrDy6erMYWqNw4LPdQ8UQA4huuxaQsVeRPFl2oM8oDGxMFhJUWZf9McpLtJasDDZb/Bpeg=="
    },
    "@vue/compiler-core": {
      "version": "3.3.4",
      "resolved": "https://registry.npmjs.org/@vue/compiler-core/-/compiler-core-3.3.4.tgz",
      "integrity": "sha512-cquyDNvZ6jTbf/+x+AgM2Arrp6G4Dzbb0R64jiG804HRMfRiFXWI6kqUVqZ6ZR0bQhIoQjB4+2bhNtVwndW15g==",
      "requires": {
        "@babel/parser": "^7.21.3",
        "@vue/shared": "3.3.4",
        "estree-walker": "^2.0.2",
        "source-map-js": "^1.0.2"
      }
    },
    "@vue/compiler-dom": {
      "version": "3.3.4",
      "resolved": "https://registry.npmjs.org/@vue/compiler-dom/-/compiler-dom-3.3.4.tgz",
      "integrity": "sha512-wyM+OjOVpuUukIq6p5+nwHYtj9cFroz9cwkfmP9O1nzH68BenTTv0u7/ndggT8cIQlnBeOo6sUT/gvHcIkLA5w==",
      "requires": {
        "@vue/compiler-core": "3.3.4",
        "@vue/shared": "3.3.4"
      }
    },
    "@vue/compiler-sfc": {
      "version": "3.3.4",
      "resolved": "https://registry.npmjs.org/@vue/compiler-sfc/-/compiler-sfc-3.3.4.tgz",
      "integrity": "sha512-6y/d8uw+5TkCuzBkgLS0v3lSM3hJDntFEiUORM11pQ/hKvkhSKZrXW6i69UyXlJQisJxuUEJKAWEqWbWsLeNKQ==",
      "requires": {
        "@babel/parser": "^7.20.15",
        "@vue/compiler-core": "3.3.4",
        "@vue/compiler-dom": "3.3.4",
        "@vue/compiler-ssr": "3.3.4",
        "@vue/reactivity-transform": "3.3.4",
        "@vue/shared": "3.3.4",
        "estree-walker": "^2.0.2",
        "magic-string": "^0.30.0",
        "postcss": "^8.1.10",
        "source-map-js": "^1.0.2"
      }
    },
    "@vue/compiler-ssr": {
      "version": "3.3.4",
      "resolved": "https://registry.npmjs.org/@vue/compiler-ssr/-/compiler-ssr-3.3.4.tgz",
      "integrity": "sha512-m0v6oKpup2nMSehwA6Uuu+j+wEwcy7QmwMkVNVfrV9P2qE5KshC6RwOCq8fjGS/Eak/uNb8AaWekfiXxbBB6gQ==",
      "requires": {
        "@vue/compiler-dom": "3.3.4",
        "@vue/shared": "3.3.4"
      }
    },
    "@vue/devtools-api": {
      "version": "6.5.0",
      "resolved": "https://registry.npmjs.org/@vue/devtools-api/-/devtools-api-6.5.0.tgz",
      "integrity": "sha512-o9KfBeaBmCKl10usN4crU53fYtC1r7jJwdGKjPT24t348rHxgfpZ0xL3Xm/gLUYnc0oTp8LAmrxOeLyu6tbk2Q=="
    },
    "@vue/reactivity": {
      "version": "3.3.4",
      "resolved": "https://registry.npmjs.org/@vue/reactivity/-/reactivity-3.3.4.tgz",
      "integrity": "sha512-kLTDLwd0B1jG08NBF3R5rqULtv/f8x3rOFByTDz4J53ttIQEDmALqKqXY0J+XQeN0aV2FBxY8nJDf88yvOPAqQ==",
      "requires": {
        "@vue/shared": "3.3.4"
      }
    },
    "@vue/reactivity-transform": {
      "version": "3.3.4",
      "resolved": "https://registry.npmjs.org/@vue/reactivity-transform/-/reactivity-transform-3.3.4.tgz",
      "integrity": "sha512-MXgwjako4nu5WFLAjpBnCj/ieqcjE2aJBINUNQzkZQfzIZA4xn+0fV1tIYBJvvva3N3OvKGofRLvQIwEQPpaXw==",
      "requires": {
        "@babel/parser": "^7.20.15",
        "@vue/compiler-core": "3.3.4",
        "@vue/shared": "3.3.4",
        "estree-walker": "^2.0.2",
        "magic-string": "^0.30.0"
      }
    },
    "@vue/runtime-core": {
      "version": "3.3.4",
      "resolved": "https://registry.npmjs.org/@vue/runtime-core/-/runtime-core-3.3.4.tgz",
      "integrity": "sha512-R+bqxMN6pWO7zGI4OMlmvePOdP2c93GsHFM/siJI7O2nxFRzj55pLwkpCedEY+bTMgp5miZ8CxfIZo3S+gFqvA==",
      "requires": {
        "@vue/reactivity": "3.3.4",
        "@vue/shared": "3.3.4"
      }
    },
    "@vue/runtime-dom": {
      "version": "3.3.4",
      "resolved": "https://registry.npmjs.org/@vue/runtime-dom/-/runtime-dom-3.3.4.tgz",
      "integrity": "sha512-Aj5bTJ3u5sFsUckRghsNjVTtxZQ1OyMWCr5dZRAPijF/0Vy4xEoRCwLyHXcj4D0UFbJ4lbx3gPTgg06K/GnPnQ==",
      "requires": {
        "@vue/runtime-core": "3.3.4",
        "@vue/shared": "3.3.4",
        "csstype": "^3.1.1"
      }
    },
    "@vue/server-renderer": {
      "version": "3.3.4",
      "resolved": "https://registry.npmjs.org/@vue/server-renderer/-/server-renderer-3.3.4.tgz",
      "integrity": "sha512-Q6jDDzR23ViIb67v+vM1Dqntu+HUexQcsWKhhQa4ARVzxOY2HbC7QRW/ggkDBd5BU+uM1sV6XOAP0b216o34JQ==",
      "requires": {
        "@vue/compiler-ssr": "3.3.4",
        "@vue/shared": "3.3.4"
      }
    },
    "@vue/shared": {
      "version": "3.3.4",
      "resolved": "https://registry.npmjs.org/@vue/shared/-/shared-3.3.4.tgz",
      "integrity": "sha512-7OjdcV8vQ74eiz1TZLzZP4JwqM5fA94K6yntPS5Z25r9HDuGNzaGdgvwKYq6S+MxwF0TFRwe50fIR/MYnakdkQ=="
    },
    "@vuepic/vue-datepicker": {
      "version": "6.1.0",
      "resolved": "https://registry.npmjs.org/@vuepic/vue-datepicker/-/vue-datepicker-6.1.0.tgz",
      "integrity": "sha512-hma+oPTM7wgiVfJKdlp9yiXaiNZUIrSJANoAvwGr4sXBTNaa6udRMqmLkNcdSUgHGxrcV5hZkfI7g27s1dUtIQ==",
      "requires": {
        "date-fns": "^2.30.0",
        "date-fns-tz": "^1.3.7"
      }
    },
    "click-outside-vue3": {
      "version": "4.0.1",
      "resolved": "https://registry.npmjs.org/click-outside-vue3/-/click-outside-vue3-4.0.1.tgz",
      "integrity": "sha512-sbplNecrup5oGqA3o4bo8XmvHRT6q9fvw21Z67aDbTqB9M6LF7CuYLTlLvNtOgKU6W3zst5H5zJuEh4auqA34g=="
    },
    "color": {
      "version": "4.2.0",
      "resolved": "https://registry.npmjs.org/color/-/color-4.2.0.tgz",
      "integrity": "sha512-hHTcrbvEnGjC7WBMk6ibQWFVDgEFTVmjrz2Q5HlU6ltwxv0JJN2Z8I7uRbWeQLF04dikxs8zgyZkazRJvSMtyQ==",
      "requires": {
        "color-convert": "^2.0.1",
        "color-string": "^1.9.0"
      }
    },
    "color-convert": {
      "version": "2.0.1",
      "resolved": "https://registry.npmjs.org/color-convert/-/color-convert-2.0.1.tgz",
      "integrity": "sha512-RRECPsj7iu/xb5oKYcsFHSppFNnsj/52OVTRKb4zP5onXwVF3zVmmToNcOfGC+CRDpfK/U584fMg38ZHCaElKQ==",
      "requires": {
        "color-name": "~1.1.4"
      }
    },
    "color-name": {
      "version": "1.1.4",
      "resolved": "https://registry.npmjs.org/color-name/-/color-name-1.1.4.tgz",
      "integrity": "sha512-dOy+3AuW3a2wNbZHIuMZpTcgjGuLU/uBL/ubcZF9OXbDo8ff4O8yVp5Bf0efS8uEoYo5q4Fx7dY9OgQGXgAsQA=="
    },
    "color-string": {
      "version": "1.9.0",
      "resolved": "https://registry.npmjs.org/color-string/-/color-string-1.9.0.tgz",
      "integrity": "sha512-9Mrz2AQLefkH1UvASKj6v6hj/7eWgjnT/cVsR8CumieLoT+g900exWeNogqtweI8dxloXN9BDQTYro1oWu/5CQ==",
      "requires": {
        "color-name": "^1.0.0",
        "simple-swizzle": "^0.2.2"
      }
    },
    "colorjs.io": {
      "version": "0.4.0",
      "resolved": "https://registry.npmjs.org/colorjs.io/-/colorjs.io-0.4.0.tgz",
      "integrity": "sha512-AUKG9GCDSHsFRUnxGrEMCm6nq6lxddnDvD0avmsy/klCEk68htpqgl9IERGtGoxaGJlr7uP5wmD381gY2uG8hw=="
    },
    "csstype": {
      "version": "3.1.2",
      "resolved": "https://registry.npmjs.org/csstype/-/csstype-3.1.2.tgz",
      "integrity": "sha512-I7K1Uu0MBPzaFKg4nI5Q7Vs2t+3gWWW648spaF+Rg7pI9ds18Ugn+lvg4SHczUdKlHI5LWBXyqfS8+DufyBsgQ=="
    },
    "datatables": {
      "version": "1.10.18",
      "resolved": "https://registry.npmjs.org/datatables/-/datatables-1.10.18.tgz",
      "integrity": "sha512-ntatMgS9NN6UMpwbmO+QkYJuKlVeMA2Mi0Gu/QxyIh+dW7ZjLSDhPT2tWlzjpIWEkDYgieDzS9Nu7bdQCW0sbQ==",
      "requires": {
        "jquery": ">=1.7"
      }
    },
    "date-fns": {
      "version": "2.30.0",
      "resolved": "https://registry.npmjs.org/date-fns/-/date-fns-2.30.0.tgz",
      "integrity": "sha512-fnULvOpxnC5/Vg3NCiWelDsLiUc9bRwAPs/+LfTLNvetFCtCTN+yQz15C/fs4AwX1R9K5GLtLfn8QW+dWisaAw==",
      "requires": {
        "@babel/runtime": "^7.21.0"
      }
    },
    "date-fns-tz": {
      "version": "1.3.8",
      "resolved": "https://registry.npmjs.org/date-fns-tz/-/date-fns-tz-1.3.8.tgz",
      "integrity": "sha512-qwNXUFtMHTTU6CFSFjoJ80W8Fzzp24LntbjFFBgL/faqds4e5mo9mftoRLgr3Vi1trISsg4awSpYVsOQCRnapQ=="
    },
    "estree-walker": {
      "version": "2.0.2",
      "resolved": "https://registry.npmjs.org/estree-walker/-/estree-walker-2.0.2.tgz",
      "integrity": "sha512-Rfkk/Mp/DL7JVje3u18FxFujQlTNR2q6QfMSMB7AvCBx91NGj/ba3kCfza0f6dVDbw7YlRf/nDrn7pQrCCyQ/w=="
    },
    "fullcalendar": {
      "version": "5.11.4",
      "resolved": "https://registry.npmjs.org/fullcalendar/-/fullcalendar-5.11.4.tgz",
      "integrity": "sha512-1TH40KkWFVlZBpqJ/eB69E7nPABleA0skoc7pTIXJNNNYyUuKPjiJg+TSMunjJ9faPLzvbvfCdgttGZnynPA3Q=="
    },
    "fullcalendar-scheduler": {
      "version": "5.11.4",
      "resolved": "https://registry.npmjs.org/fullcalendar-scheduler/-/fullcalendar-scheduler-5.11.4.tgz",
      "integrity": "sha512-aLyb+8XUoQPaQsJP0Mp36++4HPOEc1bQXNHDaP0pgtVGOj5Pht1JR+s67MIvsSyFJ0nPk/2py5Fd0zpw0ZryqQ=="
    },
    "is-arrayish": {
      "version": "0.3.2",
      "resolved": "https://registry.npmjs.org/is-arrayish/-/is-arrayish-0.3.2.tgz",
      "integrity": "sha512-eVRqCvVlZbuw3GrM63ovNSNAeA1K16kaR/LRY/92w0zxQ5/1YzwblUX652i4Xs9RwAGjW9d9y6X88t8OaAJfWQ=="
    },
    "jquery": {
      "version": "3.6.0",
      "resolved": "https://registry.npmjs.org/jquery/-/jquery-3.6.0.tgz",
      "integrity": "sha512-JVzAR/AjBvVt2BmYhxRCSYysDsPcssdmTFnzyLEts9qNwmjmu4JTAMYubEfwVOSwpQ1I1sKKFcxhZCI2buerfw=="
    },
    "jquery-treetable": {
      "version": "3.2.0-1",
      "resolved": "https://registry.npmjs.org/jquery-treetable/-/jquery-treetable-3.2.0-1.tgz",
      "integrity": "sha512-pFYCqrWfGHO+RzyyVuEh7eXddaaTV6ysR77hY5CefUBIiGxgyBLejTjv3qR337tgQQCKOWk4xUWZvLx+vdubRg==",
      "requires": {
        "jquery": ">=1.6"
      }
    },
    "jquery.repeater": {
      "version": "1.2.1",
      "resolved": "https://registry.npmjs.org/jquery.repeater/-/jquery.repeater-1.2.1.tgz",
      "integrity": "sha1-6ihKaTdL9EeNwuYK9ecFsWnLFRQ="
    },
    "jstree": {
      "version": "3.3.12",
      "resolved": "https://registry.npmjs.org/jstree/-/jstree-3.3.12.tgz",
      "integrity": "sha512-vHNLWkUr02ZYH7RcIckvhtLUtneWCVEtIKpIp2G9WtRh01ITv18EoNtNQcFG3ozM+oK6wp1Z300gSLXNQWCqGA==",
      "requires": {
        "jquery": ">=1.9.1"
      }
    },
    "magic-string": {
      "version": "0.30.3",
      "resolved": "https://registry.npmjs.org/magic-string/-/magic-string-0.30.3.tgz",
      "integrity": "sha512-B7xGbll2fG/VjP+SWg4sX3JynwIU0mjoTc6MPpKNuIvftk6u6vqhDnk1R80b8C2GBR6ywqy+1DcKBrevBg+bmw==",
      "requires": {
        "@jridgewell/sourcemap-codec": "^1.4.15"
      }
    },
    "mustache": {
      "version": "4.2.0",
      "resolved": "https://registry.npmjs.org/mustache/-/mustache-4.2.0.tgz",
      "integrity": "sha512-71ippSywq5Yb7/tVYyGbkBggbU8H3u5Rz56fH60jGFgr8uHwxs+aSKeqmluIVzM0m0kB7xQjKS6qPfd0b2ZoqQ=="
    },
    "nanoid": {
      "version": "3.3.6",
      "resolved": "https://registry.npmjs.org/nanoid/-/nanoid-3.3.6.tgz",
      "integrity": "sha512-BGcqMMJuToF7i1rt+2PWSNVnWIkGCU78jBG3RxO/bZlnZPK2Cmi2QaffxGO/2RvWi9sL+FAiRiXMgsyxQ1DIDA=="
    },
    "picocolors": {
      "version": "1.0.0",
      "resolved": "https://registry.npmjs.org/picocolors/-/picocolors-1.0.0.tgz",
      "integrity": "sha512-1fygroTLlHu66zi26VoTDv8yRgm0Fccecssto+MhsZ0D/DGW2sm8E8AjW7NU5VVTRt5GxbeZ5qBuJr+HyLYkjQ=="
    },
    "pinia": {
      "version": "2.1.6",
      "resolved": "https://registry.npmjs.org/pinia/-/pinia-2.1.6.tgz",
      "integrity": "sha512-bIU6QuE5qZviMmct5XwCesXelb5VavdOWKWaB17ggk++NUwQWWbP5YnsONTk3b752QkW9sACiR81rorpeOMSvQ==",
      "requires": {
        "@vue/devtools-api": "^6.5.0",
        "vue-demi": ">=0.14.5"
      }
    },
    "postcss": {
      "version": "8.4.30",
      "resolved": "https://registry.npmjs.org/postcss/-/postcss-8.4.30.tgz",
      "integrity": "sha512-7ZEao1g4kd68l97aWG/etQKPKq07us0ieSZ2TnFDk11i0ZfDW2AwKHYU8qv4MZKqN2fdBfg+7q0ES06UA73C1g==",
      "requires": {
        "nanoid": "^3.3.6",
        "picocolors": "^1.0.0",
        "source-map-js": "^1.0.2"
      }
    },
    "preact": {
      "version": "10.6.2",
      "resolved": "https://registry.npmjs.org/preact/-/preact-10.6.2.tgz",
      "integrity": "sha512-ppDjurt75nSxyikpyali+uKwRl8CK9N6ntOPovGIEGQagjMLVzEgVqFEsUUyUrqyE9Ch90KE0jmFc9q2QcPLBA=="
    },
    "regenerator-runtime": {
      "version": "0.14.0",
      "resolved": "https://registry.npmjs.org/regenerator-runtime/-/regenerator-runtime-0.14.0.tgz",
      "integrity": "sha512-srw17NI0TUWHuGa5CFGGmhfNIeja30WMBfbslPNhf6JrqQlLN5gcrvig1oqPxiVaXb0oW0XRKtH6Nngs5lKCIA=="
    },
    "simple-swizzle": {
      "version": "0.2.2",
      "resolved": "https://registry.npmjs.org/simple-swizzle/-/simple-swizzle-0.2.2.tgz",
      "integrity": "sha1-pNprY1/8zMoz9w0Xy5JZLeleVXo=",
      "requires": {
        "is-arrayish": "^0.3.1"
      }
    },
    "source-map-js": {
      "version": "1.0.2",
      "resolved": "https://registry.npmjs.org/source-map-js/-/source-map-js-1.0.2.tgz",
      "integrity": "sha512-R0XvVJ9WusLiqTCEiGCmICCMplcCkIwwR11mOSD9CR5u+IXYdiseeEuXCVAjS54zqwkLcPNnmU4OeJ6tUrWhDw=="
    },
    "tslib": {
      "version": "2.3.1",
      "resolved": "https://registry.npmjs.org/tslib/-/tslib-2.3.1.tgz",
      "integrity": "sha512-77EbyPPpMz+FRFRuAFlWMtmgUWGe9UOG2Z25NqCwiIjRhOf5iKGuzSe5P2w1laq+FkRy4p+PCuVkJSGkzTEKVw=="
    },
    "vis-timeline": {
      "version": "7.5.0",
      "resolved": "https://registry.npmjs.org/vis-timeline/-/vis-timeline-7.5.0.tgz",
      "integrity": "sha512-h5V2tuwKuiznhZ+5dgx5qYmi/kwsrHeYxT1rPUTyCzhVwI3uggpsE4Gjd2sbFoP4zjPCRz6blKbR0N4JuU92+w=="
    },
    "vue": {
      "version": "3.3.4",
      "resolved": "https://registry.npmjs.org/vue/-/vue-3.3.4.tgz",
      "integrity": "sha512-VTyEYn3yvIeY1Py0WaYGZsXnz3y5UnGi62GjVEqvEGPl6nxbOrCXbVOTQWBEJUqAyTUk2uJ5JLVnYJ6ZzGbrSw==",
      "requires": {
        "@vue/compiler-dom": "3.3.4",
        "@vue/compiler-sfc": "3.3.4",
        "@vue/runtime-dom": "3.3.4",
        "@vue/server-renderer": "3.3.4",
        "@vue/shared": "3.3.4"
      }
    },
    "vue-demi": {
      "version": "0.14.6",
      "resolved": "https://registry.npmjs.org/vue-demi/-/vue-demi-0.14.6.tgz",
      "integrity": "sha512-8QA7wrYSHKaYgUxDA5ZC24w+eHm3sYCbp0EzcDwKqN3p6HqtTCGR/GVsPyZW92unff4UlcSh++lmqDWN3ZIq4w=="
    },
    "vue-simple-context-menu": {
      "version": "4.0.4",
      "resolved": "https://registry.npmjs.org/vue-simple-context-menu/-/vue-simple-context-menu-4.0.4.tgz",
      "integrity": "sha512-Kn6rTXzKHpdTsPoKpBUQC4K+iZxpYiDU04BbGOgLuX/jLFIA7arzIstOp3+tFoV5JaWrjxGPLAuj2BAf8/G4pQ==",
      "requires": {
        "click-outside-vue3": "^4.0.1"
      }
    }
  }
}
